<?xml version="1.0" encoding="utf-8"?>
<Project ToolsVersion="4.0" xmlns="http://schemas.microsoft.com/developer/msbuild/2003">
  <ItemGroup>
    <Filter Include="src">
      <UniqueIdentifier>{4FC737F1-C7A5-4376-A066-2A32D752A2FF}</UniqueIdentifier>
      <Extensions>cpp;c;cc;cxx;def;odl;idl;hpj;bat;asm;asmx</Extensions>
    </Filter>
    <Filter Include="src\emulator">
      <UniqueIdentifier>{f3e50295-f09c-4ee4-b623-5108da79a647}</UniqueIdentifier>
    </Filter>
    <Filter Include="src\utility">
      <UniqueIdentifier>{726808ac-caa5-4813-9eec-f776ccc79199}</UniqueIdentifier>
    </Filter>
    <Filter Include="src\utility\commands">
      <UniqueIdentifier>{385fc88c-f04b-4fa8-8629-7101479787c5}</UniqueIdentifier>
    </Filter>
    <Filter Include="src\utility\logging">
      <UniqueIdentifier>{c8781feb-63ea-4271-839b-9499c1a34c34}</UniqueIdentifier>
    </Filter>
    <Filter Include="src\emulator\cartridge">
      <UniqueIdentifier>{72131efc-c9ba-48dc-9d38-cc40d6ee101f}</UniqueIdentifier>
    </Filter>
    <Filter Include="src\emulator\cartridge\data">
      <UniqueIdentifier>{39ba8046-9604-491c-90c2-60ef89abda08}</UniqueIdentifier>
    </Filter>
    <Filter Include="src\emulator\processor">
      <UniqueIdentifier>{8d4b74d2-6bee-4103-8a16-8549a6e405f6}</UniqueIdentifier>
    </Filter>
    <Filter Include="src\emulator\memory">
      <UniqueIdentifier>{8525564d-f34a-4ceb-a8fe-08964eb66309}</UniqueIdentifier>
    </Filter>
    <Filter Include="src\emulator\memory\controllers">
      <UniqueIdentifier>{fb13f720-32ec-456b-b0ea-1242f9781db8}</UniqueIdentifier>
    </Filter>
  </ItemGroup>
  <ItemGroup>
    <ClCompile Include="src\main.cpp">
      <Filter>src</Filter>
    </ClCompile>
    <ClCompile Include="src\emulator\emulator.cpp">
      <Filter>src\emulator</Filter>
    </ClCompile>
    <ClCompile Include="src\utility\commands\commands.cpp">
      <Filter>src\utility\commands</Filter>
    </ClCompile>
    <ClCompile Include="src\utility\logging\logger.cpp">
      <Filter>src\utility\logging</Filter>
    </ClCompile>
    <ClCompile Include="src\emulator\cartridge\cartridge.cpp">
      <Filter>src\emulator\cartridge</Filter>
    </ClCompile>
    <ClCompile Include="src\emulator\processor\processor.cpp">
      <Filter>src\emulator\processor</Filter>
    </ClCompile>
    <ClCompile Include="src\emulator\memory\MemoryManager.cpp">
      <Filter>src\emulator\memory</Filter>
    </ClCompile>
  </ItemGroup>
  <ItemGroup>
    <ClInclude Include="src\emulator\emulator.hpp">
      <Filter>src\emulator</Filter>
    </ClInclude>
    <ClInclude Include="src\utility\commands\commands.hpp">
      <Filter>src\utility\commands</Filter>
    </ClInclude>
    <ClInclude Include="src\utility\logging\logger.hpp">
      <Filter>src\utility\logging</Filter>
    </ClInclude>
    <ClInclude Include="src\emulator\cartridge\cartridge.hpp">
      <Filter>src\emulator\cartridge</Filter>
    </ClInclude>
    <ClInclude Include="src\emulator\cartridge\data\cartridgeHeader.hpp">
      <Filter>src\emulator\cartridge\data</Filter>
    </ClInclude>
    <ClInclude Include="src\emulator\cartridge\data\cartridgeIndex.hpp">
      <Filter>src\emulator\cartridge\data</Filter>
    </ClInclude>
    <ClInclude Include="src\emulator\processor\processor.hpp">
      <Filter>src\emulator\processor</Filter>
    </ClInclude>
    <ClInclude Include="src\emulator\memory\MemoryManager.hpp">
      <Filter>src\emulator\memory</Filter>
    </ClInclude>
  </ItemGroup>
</Project>